// !$*UTF8*$!
{
	archiveVersion = 1;
	classes = {
	};
	objectVersion = 50;
	objects = {

/* Begin PBXBuildFile section */
		3BAB6A0F2392393300ACF5CF /* main.cpp in Sources */ = {isa = PBXBuildFile; fileRef = 3BAB6A0E2392393300ACF5CF /* main.cpp */; };
		3BAB6A172392395500ACF5CF /* Agent.cpp in Sources */ = {isa = PBXBuildFile; fileRef = 3BAB6A152392395500ACF5CF /* Agent.cpp */; };
		3BAB6A1A2392395F00ACF5CF /* Environment.cpp in Sources */ = {isa = PBXBuildFile; fileRef = 3BAB6A182392395F00ACF5CF /* Environment.cpp */; };
		3BAB6A1D2392396A00ACF5CF /* Simulator.cpp in Sources */ = {isa = PBXBuildFile; fileRef = 3BAB6A1B2392396A00ACF5CF /* Simulator.cpp */; };
/* End PBXBuildFile section */

/* Begin PBXCopyFilesBuildPhase section */
		3BAB6A092392393300ACF5CF /* CopyFiles */ = {
			isa = PBXCopyFilesBuildPhase;
			buildActionMask = 2147483647;
			dstPath = /usr/share/man/man1/;
			dstSubfolderSpec = 0;
			files = (
			);
			runOnlyForDeploymentPostprocessing = 1;
		};
/* End PBXCopyFilesBuildPhase section */

/* Begin PBXFileReference section */
		3BAB6A0B2392393300ACF5CF /* hw08 */ = {isa = PBXFileReference; explicitFileType = "compiled.mach-o.executable"; includeInIndex = 0; path = hw08; sourceTree = BUILT_PRODUCTS_DIR; };
		3BAB6A0E2392393300ACF5CF /* main.cpp */ = {isa = PBXFileReference; lastKnownFileType = sourcecode.cpp.cpp; path = main.cpp; sourceTree = "<group>"; };
		3BAB6A152392395500ACF5CF /* Agent.cpp */ = {isa = PBXFileReference; lastKnownFileType = sourcecode.cpp.cpp; path = Agent.cpp; sourceTree = "<group>"; };
		3BAB6A162392395500ACF5CF /* Agent.hpp */ = {isa = PBXFileReference; lastKnownFileType = sourcecode.cpp.h; path = Agent.hpp; sourceTree = "<group>"; };
		3BAB6A182392395F00ACF5CF /* Environment.cpp */ = {isa = PBXFileReference; lastKnownFileType = sourcecode.cpp.cpp; path = Environment.cpp; sourceTree = "<group>"; };
		3BAB6A192392395F00ACF5CF /* Environment.hpp */ = {isa = PBXFileReference; lastKnownFileType = sourcecode.cpp.h; path = Environment.hpp; sourceTree = "<group>"; };
		3BAB6A1B2392396A00ACF5CF /* Simulator.cpp */ = {isa = PBXFileReference; lastKnownFileType = sourcecode.cpp.cpp; path = Simulator.cpp; sourceTree = "<group>"; };
		3BAB6A1C2392396A00ACF5CF /* Simulator.hpp */ = {isa = PBXFileReference; lastKnownFileType = sourcecode.cpp.h; path = Simulator.hpp; sourceTree = "<group>"; };
/* End PBXFileReference section */

/* Begin PBXFrameworksBuildPhase section */
		3BAB6A082392393300ACF5CF /* Frameworks */ = {
			isa = PBXFrameworksBuildPhase;
			buildActionMask = 2147483647;
			files = (
			);
			runOnlyForDeploymentPostprocessing = 0;
		};
/* End PBXFrameworksBuildPhase section */

/* Begin PBXGroup section */
		3BAB6A022392393300ACF5CF = {
			isa = PBXGroup;
			children = (
				3BAB6A0D2392393300ACF5CF /* hw08 */,
				3BAB6A0C2392393300ACF5CF /* Products */,
			);
			sourceTree = "<group>";
		};
		3BAB6A0C2392393300ACF5CF /* Products */ = {
			isa = PBXGroup;
			children = (
				3BAB6A0B2392393300ACF5CF /* hw08 */,
			);
			name = Products;
			sourceTree = "<group>";
		};
		3BAB6A0D2392393300ACF5CF /* hw08 */ = {
			isa = PBXGroup;
			children = (
				3BAB6A0E2392393300ACF5CF /* main.cpp */,
				3BAB6A152392395500ACF5CF /* Agent.cpp */,
				3BAB6A162392395500ACF5CF /* Agent.hpp */,
				3BAB6A182392395F00ACF5CF /* Environment.cpp */,
				3BAB6A192392395F00ACF5CF /* Environment.hpp */,
				3BAB6A1B2392396A00ACF5CF /* Simulator.cpp */,
				3BAB6A1C2392396A00ACF5CF /* Simulator.hpp */,
			);
			path = hw08;
			sourceTree = "<group>";
		};
/* End PBXGroup section */

/* Begin PBXNativeTarget section */
		3BAB6A0A2392393300ACF5CF /* hw08 */ = {
			isa = PBXNativeTarget;
			buildConfigurationList = 3BAB6A122392393300ACF5CF /* Build configuration list for PBXNativeTarget "hw08" */;
			buildPhases = (
				3BAB6A072392393300ACF5CF /* Sources */,
				3BAB6A082392393300ACF5CF /* Frameworks */,
				3BAB6A092392393300ACF5CF /* CopyFiles */,
			);
			buildRules = (
			);
			dependencies = (
			);
			name = hw08;
			productName = hw08;
			productReference = 3BAB6A0B2392393300ACF5CF /* hw08 */;
			productType = "com.apple.product-type.tool";
		};
/* End PBXNativeTarget section */

/* Begin PBXProject section */
		3BAB6A032392393300ACF5CF /* Project object */ = {
			isa = PBXProject;
			attributes = {
				LastUpgradeCheck = 1120;
				ORGANIZATIONNAME = "Sarah Carter";
				TargetAttributes = {
					3BAB6A0A2392393300ACF5CF = {
						CreatedOnToolsVersion = 11.2.1;
					};
				};
			};
			buildConfigurationList = 3BAB6A062392393300ACF5CF /* Build configuration list for PBXProject "hw08" */;
			compatibilityVersion = "Xcode 9.3";
			developmentRegion = en;
			hasScannedForEncodings = 0;
			knownRegions = (
				en,
				Base,
			);
			mainGroup = 3BAB6A022392393300ACF5CF;
			productRefGroup = 3BAB6A0C2392393300ACF5CF /* Products */;
			projectDirPath = "";
			projectRoot = "";
			targets = (
				3BAB6A0A2392393300ACF5CF /* hw08 */,
			);
		};
/* End PBXProject section */

/* Begin PBXSourcesBuildPhase section */
		3BAB6A072392393300ACF5CF /* Sources */ = {
			isa = PBXSourcesBuildPhase;
			buildActionMask = 2147483647;
			files = (
				3BAB6A1A2392395F00ACF5CF /* Environment.cpp in Sources */,
				3BAB6A0F2392393300ACF5CF /* main.cpp in Sources */,
				3BAB6A1D2392396A00ACF5CF /* Simulator.cpp in Sources */,
				3BAB6A172392395500ACF5CF /* Agent.cpp in Sources */,
			);
			runOnlyForDeploymentPostprocessing = 0;
		};
/* End PBXSourcesBuildPhase section */

/* Begin XCBuildConfiguration section */
		3BAB6A102392393300ACF5CF /* Debug */ = {
			isa = XCBuildConfiguration;
			buildSettings = {
				ALWAYS_SEARCH_USER_PATHS = NO;
				CLANG_ANALYZER_NONNULL = YES;
				CLANG_ANALYZER_NUMBER_OBJECT_CONVERSION = YES_AGGRESSIVE;
				CLANG_CXX_LANGUAGE_STANDARD = "gnu++14";
				CLANG_CXX_LIBRARY = "libc++";
				CLANG_ENABLE_MODULES = YES;
				CLANG_ENABLE_OBJC_ARC = YES;
				CLANG_ENABLE_OBJC_WEAK = YES;
				CLANG_WARN_BLOCK_CAPTURE_AUTORELEASING = YES;
				CLANG_WARN_BOOL_CONVERSION = YES;
				CLANG_WARN_COMMA = YES;
				CLANG_WARN_CONSTANT_CONVERSION = YES;
				CLANG_WARN_DEPRECATED_OBJC_IMPLEMENTATIONS = YES;
				CLANG_WARN_DIRECT_OBJC_ISA_USAGE = YES_ERROR;
				CLANG_WARN_DOCUMENTATION_COMMENTS = YES;
				CLANG_WARN_EMPTY_BODY = YES;
				CLANG_WARN_ENUM_CONVERSION = YES;
				CLANG_WARN_INFINITE_RECURSION = YES;
				CLANG_WARN_INT_CONVERSION = YES;
				CLANG_WARN_NON_LITERAL_NULL_CONVERSION = YES;
				CLANG_WARN_OBJC_IMPLICIT_RETAIN_SELF = YES;
				CLANG_WARN_OBJC_LITERAL_CONVERSION = YES;
				CLANG_WARN_OBJC_ROOT_CLASS = YES_ERROR;
				CLANG_WARN_RANGE_LOOP_ANALYSIS = YES;
				CLANG_WARN_STRICT_PROTOTYPES = YES;
				CLANG_WARN_SUSPICIOUS_MOVE = YES;
				CLANG_WARN_UNGUARDED_AVAILABILITY = YES_AGGRESSIVE;
				CLANG_WARN_UNREACHABLE_CODE = YES;
				CLANG_WARN__DUPLICATE_METHOD_MATCH = YES;
				COPY_PHASE_STRIP = NO;
				DEBUG_INFORMATION_FORMAT = dwarf;
				ENABLE_STRICT_OBJC_MSGSEND = YES;
				ENABLE_TESTABILITY = YES;
				GCC_C_LANGUAGE_STANDARD = gnu11;
				GCC_DYNAMIC_NO_PIC = NO;
				GCC_NO_COMMON_BLOCKS = YES;
				GCC_OPTIMIZATION_LEVEL = 0;
				GCC_PREPROCESSOR_DEFINITIONS = (
					"DEBUG=1",
					"$(inherited)",
				);
				GCC_WARN_64_TO_32_BIT_CONVERSION = YES;
				GCC_WARN_ABOUT_RETURN_TYPE = YES_ERROR;
				GCC_WARN_UNDECLARED_SELECTOR = YES;
				GCC_WARN_UNINITIALIZED_AUTOS = YES_AGGRESSIVE;
				GCC_WARN_UNUSED_FUNCTION = YES;
				GCC_WARN_UNUSED_VARIABLE = YES;
				MACOSX_DEPLOYMENT_TARGET = 10.14;
				MTL_ENABLE_DEBUG_INFO = INCLUDE_SOURCE;
				MTL_FAST_MATH = YES;
				ONLY_ACTIVE_ARCH = YES;
				SDKROOT = macosx;
			};
			name = Debug;
		};
		3BAB6A112392393300ACF5CF /* Release */ = {
			isa = XCBuildConfiguration;
			buildSettings = {
				ALWAYS_SEARCH_USER_PATHS = NO;
				CLANG_ANALYZER_NONNULL = YES;
				CLANG_ANALYZER_NUMBER_OBJECT_CONVERSION = YES_AGGRESSIVE;
				CLANG_CXX_LANGUAGE_STANDARD = "gnu++14";
				CLANG_CXX_LIBRARY = "libc++";
				CLANG_ENABLE_MODULES = YES;
				CLANG_ENABLE_OBJC_ARC = YES;
				CLANG_ENABLE_OBJC_WEAK = YES;
				CLANG_WARN_BLOCK_CAPTURE_AUTORELEASING = YES;
				CLANG_WARN_BOOL_CONVERSION = YES;
				CLANG_WARN_COMMA = YES;
				CLANG_WARN_CONSTANT_CONVERSION = YES;
				CLANG_WARN_DEPRECATED_OBJC_IMPLEMENTATIONS = YES;
				CLANG_WARN_DIRECT_OBJC_ISA_USAGE = YES_ERROR;
				CLANG_WARN_DOCUMENTATION_COMMENTS = YES;
				CLANG_WARN_EMPTY_BODY = YES;
				CLANG_WARN_ENUM_CONVERSION = YES;
				CLANG_WARN_INFINITE_RECURSION = YES;
				CLANG_WARN_INT_CONVERSION = YES;
				CLANG_WARN_NON_LITERAL_NULL_CONVERSION = YES;
				CLANG_WARN_OBJC_IMPLICIT_RETAIN_SELF = YES;
				CLANG_WARN_OBJC_LITERAL_CONVERSION = YES;
				CLANG_WARN_OBJC_ROOT_CLASS = YES_ERROR;
				CLANG_WARN_RANGE_LOOP_ANALYSIS = YES;
				CLANG_WARN_STRICT_PROTOTYPES = YES;
				CLANG_WARN_SUSPICIOUS_MOVE = YES;
				CLANG_WARN_UNGUARDED_AVAILABILITY = YES_AGGRESSIVE;
				CLANG_WARN_UNREACHABLE_CODE = YES;
				CLANG_WARN__DUPLICATE_METHOD_MATCH = YES;
				COPY_PHASE_STRIP = NO;
				DEBUG_INFORMATION_FORMAT = "dwarf-with-dsym";
				ENABLE_NS_ASSERTIONS = NO;
				ENABLE_STRICT_OBJC_MSGSEND = YES;
				GCC_C_LANGUAGE_STANDARD = gnu11;
				GCC_NO_COMMON_BLOCKS = YES;
				GCC_WARN_64_TO_32_BIT_CONVERSION = YES;
				GCC_WARN_ABOUT_RETURN_TYPE = YES_ERROR;
				GCC_WARN_UNDECLARED_SELECTOR = YES;
				GCC_WARN_UNINITIALIZED_AUTOS = YES_AGGRESSIVE;
				GCC_WARN_UNUSED_FUNCTION = YES;
				GCC_WARN_UNUSED_VARIABLE = YES;
				MACOSX_DEPLOYMENT_TARGET = 10.14;
				MTL_ENABLE_DEBUG_INFO = NO;
				MTL_FAST_MATH = YES;
				SDKROOT = macosx;
			};
			name = Release;
		};
		3BAB6A132392393300ACF5CF /* Debug */ = {
			isa = XCBuildConfiguration;
			buildSettings = {
				CODE_SIGN_STYLE = Automatic;
				DEVELOPMENT_TEAM = R4U3G8PRSV;
				ENABLE_HARDENED_RUNTIME = YES;
				PRODUCT_NAME = "$(TARGET_NAME)";
			};
			name = Debug;
		};
		3BAB6A142392393300ACF5CF /* Release */ = {
			isa = XCBuildConfiguration;
			buildSettings = {
				CODE_SIGN_STYLE = Automatic;
				DEVELOPMENT_TEAM = R4U3G8PRSV;
				ENABLE_HARDENED_RUNTIME = YES;
				PRODUCT_NAME = "$(TARGET_NAME)";
			};
			name = Release;
		};
/* End XCBuildConfiguration section */

/* Begin XCConfigurationList section */
		3BAB6A062392393300ACF5CF /* Build configuration list for PBXProject "hw08" */ = {
			isa = XCConfigurationList;
			buildConfigurations = (
				3BAB6A102392393300ACF5CF /* Debug */,
				3BAB6A112392393300ACF5CF /* Release */,
			);
			defaultConfigurationIsVisible = 0;
			defaultConfigurationName = Release;
		};
		3BAB6A122392393300ACF5CF /* Build configuration list for PBXNativeTarget "hw08" */ = {
			isa = XCConfigurationList;
			buildConfigurations = (
				3BAB6A132392393300ACF5CF /* Debug */,
				3BAB6A142392393300ACF5CF /* Release */,
			);
			defaultConfigurationIsVisible = 0;
			defaultConfigurationName = Release;
		};
/* End XCConfigurationList section */
	};
	rootObject = 3BAB6A032392393300ACF5CF /* Project object */;
}
